lockfileVersion: 5.4

specifiers:
  json-to-pretty-yaml: ^1.2.2

dependencies:
  json-to-pretty-yaml: 1.2.2

packages:

  /json-to-pretty-yaml/1.2.2:
    resolution: {integrity: sha512-rvm6hunfCcqegwYaG5T4yKJWxc9FXFgBVrcTZ4XfSVRwa5HA/Xs+vB/Eo9treYYHCeNM0nrSUr82V/M31Urc7A==}
    engines: {node: '>= 0.2.0'}
    dependencies:
      remedial: 1.0.8
      remove-trailing-spaces: 1.0.8
    dev: false

  /remedial/1.0.8:
    resolution: {integrity: sha512-/62tYiOe6DzS5BqVsNpH/nkGlX45C/Sp6V+NtiN6JQNS1Viay7cWkazmRkrQrdFj2eshDe96SIQNIoMxqhzBOg==}
    dev: false

  /remove-trailing-spaces/1.0.8:
    resolution: {integrity: sha512-O3vsMYfWighyFbTd8hk8VaSj9UAGENxAtX+//ugIst2RMk5e03h6RoIS+0ylsFxY1gvmPuAY/PO4It+gPEeySA==}
    dev: false
